
Microsoft Visual Studio Solution File, Format Version 12.00
# Visual Studio Version 17
VisualStudioVersion = 17.5.33516.290
MinimumVisualStudioVersion = 10.0.40219.1
Project("{FAE04EC0-301F-11D3-BF4B-00C04F79EFBC}") = "ShoppingBasket", "ShoppingBasket\ShoppingBasket.csproj", "{A1E1352C-1181-4527-91F1-95E56BC454A2}"
EndProject
Global
	GlobalSection(SolutionConfigurationPlatforms) = preSolution
		Debug|Any CPU = Debug|Any CPU
		Release|Any CPU = Release|Any CPU
	EndGlobalSection
	GlobalSection(ProjectConfigurationPlatforms) = postSolution
		{A1E1352C-1181-4527-91F1-95E56BC454A2}.Debug|Any CPU.ActiveCfg = Debug|Any CPU
		{A1E1352C-1181-4527-91F1-95E56BC454A2}.Debug|Any CPU.Build.0 = Debug|Any CPU
		{A1E1352C-1181-4527-91F1-95E56BC454A2}.Release|Any CPU.ActiveCfg = Release|Any CPU
		{A1E1352C-1181-4527-91F1-95E56BC454A2}.Release|Any CPU.Build.0 = Release|Any CPU
	EndGlobalSection
	GlobalSection(SolutionProperties) = preSolution
		HideSolutionNode = FALSE
	EndGlobalSection
	GlobalSection(ExtensibilityGlobals) = postSolution
		SolutionGuid = {CFCE1BEB-1867-46DF-AC9B-10FD5B4952A8}
	EndGlobalSection
EndGlobal
