
Microsoft Visual Studio Solution File, Format Version 12.00
# Visual Studio Version 17
VisualStudioVersion = 17.6.33723.286
MinimumVisualStudioVersion = 10.0.40219.1
Project("{FAE04EC0-301F-11D3-BF4B-00C04F79EFBC}") = "BallsInHoles", "BallsInHoles\BallsInHoles.csproj", "{D197540F-19BA-4066-B944-0F1DE739730C}"
EndProject
Global
	GlobalSection(SolutionConfigurationPlatforms) = preSolution
		Debug|Any CPU = Debug|Any CPU
		Release|Any CPU = Release|Any CPU
	EndGlobalSection
	GlobalSection(ProjectConfigurationPlatforms) = postSolution
		{D197540F-19BA-4066-B944-0F1DE739730C}.Debug|Any CPU.ActiveCfg = Debug|Any CPU
		{D197540F-19BA-4066-B944-0F1DE739730C}.Debug|Any CPU.Build.0 = Debug|Any CPU
		{D197540F-19BA-4066-B944-0F1DE739730C}.Release|Any CPU.ActiveCfg = Release|Any CPU
		{D197540F-19BA-4066-B944-0F1DE739730C}.Release|Any CPU.Build.0 = Release|Any CPU
	EndGlobalSection
	GlobalSection(SolutionProperties) = preSolution
		HideSolutionNode = FALSE
	EndGlobalSection
	GlobalSection(ExtensibilityGlobals) = postSolution
		SolutionGuid = {732838F5-2067-4D43-BB13-2716314A04AA}
	EndGlobalSection
EndGlobal
