
Microsoft Visual Studio Solution File, Format Version 12.00
# Visual Studio Version 16
VisualStudioVersion = 25.0.1704.4
MinimumVisualStudioVersion = 10.0.40219.1
Project("{FAE04EC0-301F-11D3-BF4B-00C04F79EFBC}") = "av1", "av1\av1.csproj", "{F1BA580A-1AD3-44CA-8531-D92B942B904E}"
EndProject
Global
	GlobalSection(SolutionConfigurationPlatforms) = preSolution
		Debug|Any CPU = Debug|Any CPU
		Release|Any CPU = Release|Any CPU
	EndGlobalSection
	GlobalSection(ProjectConfigurationPlatforms) = postSolution
		{F1BA580A-1AD3-44CA-8531-D92B942B904E}.Debug|Any CPU.ActiveCfg = Debug|Any CPU
		{F1BA580A-1AD3-44CA-8531-D92B942B904E}.Debug|Any CPU.Build.0 = Debug|Any CPU
		{F1BA580A-1AD3-44CA-8531-D92B942B904E}.Release|Any CPU.ActiveCfg = Release|Any CPU
		{F1BA580A-1AD3-44CA-8531-D92B942B904E}.Release|Any CPU.Build.0 = Release|Any CPU
	EndGlobalSection
	GlobalSection(SolutionProperties) = preSolution
		HideSolutionNode = FALSE
	EndGlobalSection
	GlobalSection(ExtensibilityGlobals) = postSolution
		SolutionGuid = {8D9FFEE3-FAA2-40E9-A978-5550ADA5FE61}
	EndGlobalSection
EndGlobal
