
Microsoft Visual Studio Solution File, Format Version 12.00
# Visual Studio Version 17
VisualStudioVersion = 17.6.33723.286
MinimumVisualStudioVersion = 10.0.40219.1
Project("{FAE04EC0-301F-11D3-BF4B-00C04F79EFBC}") = "PulsingBalls", "PulsingBalls\PulsingBalls.csproj", "{2EA737EC-A069-4392-B7E1-2F920A8C17FA}"
EndProject
Global
	GlobalSection(SolutionConfigurationPlatforms) = preSolution
		Debug|Any CPU = Debug|Any CPU
		Release|Any CPU = Release|Any CPU
	EndGlobalSection
	GlobalSection(ProjectConfigurationPlatforms) = postSolution
		{2EA737EC-A069-4392-B7E1-2F920A8C17FA}.Debug|Any CPU.ActiveCfg = Debug|Any CPU
		{2EA737EC-A069-4392-B7E1-2F920A8C17FA}.Debug|Any CPU.Build.0 = Debug|Any CPU
		{2EA737EC-A069-4392-B7E1-2F920A8C17FA}.Release|Any CPU.ActiveCfg = Release|Any CPU
		{2EA737EC-A069-4392-B7E1-2F920A8C17FA}.Release|Any CPU.Build.0 = Release|Any CPU
	EndGlobalSection
	GlobalSection(SolutionProperties) = preSolution
		HideSolutionNode = FALSE
	EndGlobalSection
	GlobalSection(ExtensibilityGlobals) = postSolution
		SolutionGuid = {31B61B12-E882-4583-A9F5-FDE3B3E3664B}
	EndGlobalSection
EndGlobal
