
Microsoft Visual Studio Solution File, Format Version 12.00
# Visual Studio Version 17
VisualStudioVersion = 17.6.33723.286
MinimumVisualStudioVersion = 10.0.40219.1
Project("{FAE04EC0-301F-11D3-BF4B-00C04F79EFBC}") = "Polygon", "Polygon\Polygon.csproj", "{B3B37F3C-2602-4711-A663-D155129B970D}"
EndProject
Global
	GlobalSection(SolutionConfigurationPlatforms) = preSolution
		Debug|Any CPU = Debug|Any CPU
		Release|Any CPU = Release|Any CPU
	EndGlobalSection
	GlobalSection(ProjectConfigurationPlatforms) = postSolution
		{B3B37F3C-2602-4711-A663-D155129B970D}.Debug|Any CPU.ActiveCfg = Debug|Any CPU
		{B3B37F3C-2602-4711-A663-D155129B970D}.Debug|Any CPU.Build.0 = Debug|Any CPU
		{B3B37F3C-2602-4711-A663-D155129B970D}.Release|Any CPU.ActiveCfg = Release|Any CPU
		{B3B37F3C-2602-4711-A663-D155129B970D}.Release|Any CPU.Build.0 = Release|Any CPU
	EndGlobalSection
	GlobalSection(SolutionProperties) = preSolution
		HideSolutionNode = FALSE
	EndGlobalSection
	GlobalSection(ExtensibilityGlobals) = postSolution
		SolutionGuid = {3025B516-2A7D-434D-ADAD-E35DF50F8434}
	EndGlobalSection
EndGlobal
